
Microsoft Visual Studio Solution File, Format Version 12.00
# Visual Studio 15
VisualStudioVersion = 15.0.28307.106
MinimumVisualStudioVersion = 10.0.40219.1
Project("{FAE04EC0-301F-11D3-BF4B-00C04F79EFBC}") = "4.15", "4.15\4.15.csproj", "{FF691314-0B7A-487F-AEEC-094E19E57F43}"
EndProject
Global
	GlobalSection(SolutionConfigurationPlatforms) = preSolution
		Debug|Any CPU = Debug|Any CPU
		Release|Any CPU = Release|Any CPU
	EndGlobalSection
	GlobalSection(ProjectConfigurationPlatforms) = postSolution
		{FF691314-0B7A-487F-AEEC-094E19E57F43}.Debug|Any CPU.ActiveCfg = Debug|Any CPU
		{FF691314-0B7A-487F-AEEC-094E19E57F43}.Debug|Any CPU.Build.0 = Debug|Any CPU
		{FF691314-0B7A-487F-AEEC-094E19E57F43}.Release|Any CPU.ActiveCfg = Release|Any CPU
		{FF691314-0B7A-487F-AEEC-094E19E57F43}.Release|Any CPU.Build.0 = Release|Any CPU
	EndGlobalSection
	GlobalSection(SolutionProperties) = preSolution
		HideSolutionNode = FALSE
	EndGlobalSection
	GlobalSection(ExtensibilityGlobals) = postSolution
		SolutionGuid = {4D823FD2-C29A-4684-B904-2F202DC6AB98}
	EndGlobalSection
EndGlobal
