
Microsoft Visual Studio Solution File, Format Version 12.00
# Visual Studio 15
VisualStudioVersion = 15.0.28307.106
MinimumVisualStudioVersion = 10.0.40219.1
Project("{FAE04EC0-301F-11D3-BF4B-00C04F79EFBC}") = "4.12", "4.12\4.12.csproj", "{11DE45E1-E86D-41D0-8C6A-7223D370F71D}"
EndProject
Global
	GlobalSection(SolutionConfigurationPlatforms) = preSolution
		Debug|Any CPU = Debug|Any CPU
		Release|Any CPU = Release|Any CPU
	EndGlobalSection
	GlobalSection(ProjectConfigurationPlatforms) = postSolution
		{11DE45E1-E86D-41D0-8C6A-7223D370F71D}.Debug|Any CPU.ActiveCfg = Debug|Any CPU
		{11DE45E1-E86D-41D0-8C6A-7223D370F71D}.Debug|Any CPU.Build.0 = Debug|Any CPU
		{11DE45E1-E86D-41D0-8C6A-7223D370F71D}.Release|Any CPU.ActiveCfg = Release|Any CPU
		{11DE45E1-E86D-41D0-8C6A-7223D370F71D}.Release|Any CPU.Build.0 = Release|Any CPU
	EndGlobalSection
	GlobalSection(SolutionProperties) = preSolution
		HideSolutionNode = FALSE
	EndGlobalSection
	GlobalSection(ExtensibilityGlobals) = postSolution
		SolutionGuid = {AB3F600C-EAA3-4CFE-9DD0-515925EACD31}
	EndGlobalSection
EndGlobal
